// !$*UTF8*$!
{
	archiveVersion = 1;
	classes = {
	};
	objectVersion = 56;
	objects = {

/* Begin PBXBuildFile section */
		EA0AB81F2CB292C100C667DF /* loader.swift in Sources */ = {isa = PBXBuildFile; fileRef = EA0AB81E2CB292C100C667DF /* loader.swift */; };
		EA0AB8242CB29C5F00C667DF /* homeView.swift in Sources */ = {isa = PBXBuildFile; fileRef = EA0AB8232CB29C5F00C667DF /* homeView.swift */; };
		EA0AB8272CB29FD000C667DF /* View.swift in Sources */ = {isa = PBXBuildFile; fileRef = EA0AB8262CB29FD000C667DF /* View.swift */; };
		EA0AB8292CB2ECB200C667DF /* appStorage.swift in Sources */ = {isa = PBXBuildFile; fileRef = EA0AB8282CB2ECB200C667DF /* appStorage.swift */; };
		EA19C7702CAEDCF70014542F /* loginView.swift in Sources */ = {isa = PBXBuildFile; fileRef = EA19C76F2CAEDCF70014542F /* loginView.swift */; };
		EA19C7722CAEDD810014542F /* registerView.swift in Sources */ = {isa = PBXBuildFile; fileRef = EA19C7712CAEDD810014542F /* registerView.swift */; };
		EA19C7742CAEE4DB0014542F /* validator.swift in Sources */ = {isa = PBXBuildFile; fileRef = EA19C7732CAEE4DB0014542F /* validator.swift */; };
		EA1A947F2CA9977E00A634C6 /* SalaamApp.swift in Sources */ = {isa = PBXBuildFile; fileRef = EA1A947E2CA9977E00A634C6 /* SalaamApp.swift */; };
		EA1A94832CA9977F00A634C6 /* Assets.xcassets in Resources */ = {isa = PBXBuildFile; fileRef = EA1A94822CA9977F00A634C6 /* Assets.xcassets */; };
		EA1A94862CA9977F00A634C6 /* Preview Assets.xcassets in Resources */ = {isa = PBXBuildFile; fileRef = EA1A94852CA9977F00A634C6 /* Preview Assets.xcassets */; };
		EA1A948F2CA9BDB700A634C6 /* welcomeView.swift in Sources */ = {isa = PBXBuildFile; fileRef = EA1A948E2CA9BDB700A634C6 /* welcomeView.swift */; };
		EA44F6F42CB14AC5005BEDE1 /* emailTextFieldView.swift in Sources */ = {isa = PBXBuildFile; fileRef = EA44F6F32CB14AC5005BEDE1 /* emailTextFieldView.swift */; };
		EA44F6F62CB14C76005BEDE1 /* passwordTextFieldView.swift in Sources */ = {isa = PBXBuildFile; fileRef = EA44F6F52CB14C76005BEDE1 /* passwordTextFieldView.swift */; };
		EA44F6F82CB168DD005BEDE1 /* loginModel.swift in Sources */ = {isa = PBXBuildFile; fileRef = EA44F6F72CB168DD005BEDE1 /* loginModel.swift */; };
		EA44F6FA2CB17895005BEDE1 /* Alerts.swift in Sources */ = {isa = PBXBuildFile; fileRef = EA44F6F92CB17894005BEDE1 /* Alerts.swift */; };
		EA44F6FD2CB17B84005BEDE1 /* button.swift in Sources */ = {isa = PBXBuildFile; fileRef = EA44F6FC2CB17B84005BEDE1 /* button.swift */; };
		EA44F6FF2CB18090005BEDE1 /* networkManager.swift in Sources */ = {isa = PBXBuildFile; fileRef = EA44F6FE2CB18090005BEDE1 /* networkManager.swift */; };
		EA958DA92CB1A5780097EEC6 /* networkError.swift in Sources */ = {isa = PBXBuildFile; fileRef = EA958DA82CB1A5780097EEC6 /* networkError.swift */; };
		EAB59EA72CB11377000AF7FA /* networkURLs.swift in Sources */ = {isa = PBXBuildFile; fileRef = EAB59EA62CB11377000AF7FA /* networkURLs.swift */; };
		EAB59EA92CB14420000AF7FA /* loginVM.swift in Sources */ = {isa = PBXBuildFile; fileRef = EAB59EA82CB14420000AF7FA /* loginVM.swift */; };
		EAD4D8E22CB066C20055EF01 /* socialView.swift in Sources */ = {isa = PBXBuildFile; fileRef = EAD4D8E12CB066C20055EF01 /* socialView.swift */; };
/* End PBXBuildFile section */

/* Begin PBXFileReference section */
		EA0AB81E2CB292C100C667DF /* loader.swift */ = {isa = PBXFileReference; lastKnownFileType = sourcecode.swift; path = loader.swift; sourceTree = "<group>"; };
		EA0AB8232CB29C5F00C667DF /* homeView.swift */ = {isa = PBXFileReference; lastKnownFileType = sourcecode.swift; path = homeView.swift; sourceTree = "<group>"; };
		EA0AB8262CB29FD000C667DF /* View.swift */ = {isa = PBXFileReference; lastKnownFileType = sourcecode.swift; path = View.swift; sourceTree = "<group>"; };
		EA0AB8282CB2ECB200C667DF /* appStorage.swift */ = {isa = PBXFileReference; lastKnownFileType = sourcecode.swift; path = appStorage.swift; sourceTree = "<group>"; };
		EA19C76F2CAEDCF70014542F /* loginView.swift */ = {isa = PBXFileReference; lastKnownFileType = sourcecode.swift; path = loginView.swift; sourceTree = "<group>"; };
		EA19C7712CAEDD810014542F /* registerView.swift */ = {isa = PBXFileReference; lastKnownFileType = sourcecode.swift; path = registerView.swift; sourceTree = "<group>"; };
		EA19C7732CAEE4DB0014542F /* validator.swift */ = {isa = PBXFileReference; lastKnownFileType = sourcecode.swift; path = validator.swift; sourceTree = "<group>"; };
		EA1A947B2CA9977E00A634C6 /* Salaam.app */ = {isa = PBXFileReference; explicitFileType = wrapper.application; includeInIndex = 0; path = Salaam.app; sourceTree = BUILT_PRODUCTS_DIR; };
		EA1A947E2CA9977E00A634C6 /* SalaamApp.swift */ = {isa = PBXFileReference; lastKnownFileType = sourcecode.swift; path = SalaamApp.swift; sourceTree = "<group>"; };
		EA1A94822CA9977F00A634C6 /* Assets.xcassets */ = {isa = PBXFileReference; lastKnownFileType = folder.assetcatalog; path = Assets.xcassets; sourceTree = "<group>"; };
		EA1A94852CA9977F00A634C6 /* Preview Assets.xcassets */ = {isa = PBXFileReference; lastKnownFileType = folder.assetcatalog; path = "Preview Assets.xcassets"; sourceTree = "<group>"; };
		EA1A948E2CA9BDB700A634C6 /* welcomeView.swift */ = {isa = PBXFileReference; lastKnownFileType = sourcecode.swift; path = welcomeView.swift; sourceTree = "<group>"; };
		EA44F6F32CB14AC5005BEDE1 /* emailTextFieldView.swift */ = {isa = PBXFileReference; lastKnownFileType = sourcecode.swift; path = emailTextFieldView.swift; sourceTree = "<group>"; };
		EA44F6F52CB14C76005BEDE1 /* passwordTextFieldView.swift */ = {isa = PBXFileReference; lastKnownFileType = sourcecode.swift; path = passwordTextFieldView.swift; sourceTree = "<group>"; };
		EA44F6F72CB168DD005BEDE1 /* loginModel.swift */ = {isa = PBXFileReference; lastKnownFileType = sourcecode.swift; path = loginModel.swift; sourceTree = "<group>"; };
		EA44F6F92CB17894005BEDE1 /* Alerts.swift */ = {isa = PBXFileReference; lastKnownFileType = sourcecode.swift; path = Alerts.swift; sourceTree = "<group>"; };
		EA44F6FC2CB17B84005BEDE1 /* button.swift */ = {isa = PBXFileReference; lastKnownFileType = sourcecode.swift; path = button.swift; sourceTree = "<group>"; };
		EA44F6FE2CB18090005BEDE1 /* networkManager.swift */ = {isa = PBXFileReference; lastKnownFileType = sourcecode.swift; path = networkManager.swift; sourceTree = "<group>"; };
		EA958DA82CB1A5780097EEC6 /* networkError.swift */ = {isa = PBXFileReference; lastKnownFileType = sourcecode.swift; path = networkError.swift; sourceTree = "<group>"; };
		EAB59EA62CB11377000AF7FA /* networkURLs.swift */ = {isa = PBXFileReference; lastKnownFileType = sourcecode.swift; path = networkURLs.swift; sourceTree = "<group>"; };
		EAB59EA82CB14420000AF7FA /* loginVM.swift */ = {isa = PBXFileReference; lastKnownFileType = sourcecode.swift; path = loginVM.swift; sourceTree = "<group>"; };
		EAD4D8E12CB066C20055EF01 /* socialView.swift */ = {isa = PBXFileReference; lastKnownFileType = sourcecode.swift; path = socialView.swift; sourceTree = "<group>"; };
/* End PBXFileReference section */

/* Begin PBXFrameworksBuildPhase section */
		EA1A94782CA9977E00A634C6 /* Frameworks */ = {
			isa = PBXFrameworksBuildPhase;
			buildActionMask = 2147483647;
			files = (
			);
			runOnlyForDeploymentPostprocessing = 0;
		};
/* End PBXFrameworksBuildPhase section */

/* Begin PBXGroup section */
		EA0AB8202CB29C3200C667DF /* Modules */ = {
			isa = PBXGroup;
			children = (
				EA0AB8212CB29C4300C667DF /* Home */,
				EAB59EAA2CB1469F000AF7FA /* Auth */,
			);
			path = Modules;
			sourceTree = "<group>";
		};
		EA0AB8212CB29C4300C667DF /* Home */ = {
			isa = PBXGroup;
			children = (
				EA0AB8222CB29C5100C667DF /* View */,
			);
			path = Home;
			sourceTree = "<group>";
		};
		EA0AB8222CB29C5100C667DF /* View */ = {
			isa = PBXGroup;
			children = (
				EA0AB8232CB29C5F00C667DF /* homeView.swift */,
			);
			path = View;
			sourceTree = "<group>";
		};
		EA0AB8252CB29FA900C667DF /* Extension */ = {
			isa = PBXGroup;
			children = (
				EA0AB8262CB29FD000C667DF /* View.swift */,
			);
			path = Extension;
			sourceTree = "<group>";
		};
		EA1A94722CA9977E00A634C6 = {
			isa = PBXGroup;
			children = (
				EA1A947D2CA9977E00A634C6 /* Salaam */,
				EA1A947C2CA9977E00A634C6 /* Products */,
			);
			sourceTree = "<group>";
		};
		EA1A947C2CA9977E00A634C6 /* Products */ = {
			isa = PBXGroup;
			children = (
				EA1A947B2CA9977E00A634C6 /* Salaam.app */,
			);
			name = Products;
			sourceTree = "<group>";
		};
		EA1A947D2CA9977E00A634C6 /* Salaam */ = {
			isa = PBXGroup;
			children = (
				EA0AB8202CB29C3200C667DF /* Modules */,
				EA44F6FB2CB17B70005BEDE1 /* Modifiers */,
				EA44F6F22CB14A83005BEDE1 /* ReusableViews */,
				EAB59EB12CB14726000AF7FA /* Utilities */,
				EA1A947E2CA9977E00A634C6 /* SalaamApp.swift */,
				EA1A948E2CA9BDB700A634C6 /* welcomeView.swift */,
				EA1A94822CA9977F00A634C6 /* Assets.xcassets */,
				EA1A94842CA9977F00A634C6 /* Preview Content */,
			);
			path = Salaam;
			sourceTree = "<group>";
		};
		EA1A94842CA9977F00A634C6 /* Preview Content */ = {
			isa = PBXGroup;
			children = (
				EA1A94852CA9977F00A634C6 /* Preview Assets.xcassets */,
			);
			path = "Preview Content";
			sourceTree = "<group>";
		};
		EA44F6F22CB14A83005BEDE1 /* ReusableViews */ = {
			isa = PBXGroup;
			children = (
				EA0AB81E2CB292C100C667DF /* loader.swift */,
				EAD4D8E12CB066C20055EF01 /* socialView.swift */,
				EA44F6F32CB14AC5005BEDE1 /* emailTextFieldView.swift */,
				EA44F6F52CB14C76005BEDE1 /* passwordTextFieldView.swift */,
			);
			path = ReusableViews;
			sourceTree = "<group>";
		};
		EA44F6FB2CB17B70005BEDE1 /* Modifiers */ = {
			isa = PBXGroup;
			children = (
				EA44F6FC2CB17B84005BEDE1 /* button.swift */,
			);
			path = Modifiers;
			sourceTree = "<group>";
		};
		EAB59EAA2CB1469F000AF7FA /* Auth */ = {
			isa = PBXGroup;
			children = (
				EAB59EAC2CB146B3000AF7FA /* SignUp */,
				EAB59EAB2CB146AC000AF7FA /* Login */,
			);
			path = Auth;
			sourceTree = "<group>";
		};
		EAB59EAB2CB146AC000AF7FA /* Login */ = {
			isa = PBXGroup;
			children = (
				EAB59EAD2CB146C7000AF7FA /* Model */,
				EAB59EAE2CB146CE000AF7FA /* View */,
				EAB59EAF2CB146D5000AF7FA /* ViewModel */,
			);
			path = Login;
			sourceTree = "<group>";
		};
		EAB59EAC2CB146B3000AF7FA /* SignUp */ = {
			isa = PBXGroup;
			children = (
				EAB59EB02CB14709000AF7FA /* View */,
			);
			path = SignUp;
			sourceTree = "<group>";
		};
		EAB59EAD2CB146C7000AF7FA /* Model */ = {
			isa = PBXGroup;
			children = (
				EA44F6F72CB168DD005BEDE1 /* loginModel.swift */,
			);
			path = Model;
			sourceTree = "<group>";
		};
		EAB59EAE2CB146CE000AF7FA /* View */ = {
			isa = PBXGroup;
			children = (
				EA19C76F2CAEDCF70014542F /* loginView.swift */,
			);
			path = View;
			sourceTree = "<group>";
		};
		EAB59EAF2CB146D5000AF7FA /* ViewModel */ = {
			isa = PBXGroup;
			children = (
				EAB59EA82CB14420000AF7FA /* loginVM.swift */,
			);
			path = ViewModel;
			sourceTree = "<group>";
		};
		EAB59EB02CB14709000AF7FA /* View */ = {
			isa = PBXGroup;
			children = (
				EA19C7712CAEDD810014542F /* registerView.swift */,
			);
			path = View;
			sourceTree = "<group>";
		};
		EAB59EB12CB14726000AF7FA /* Utilities */ = {
			isa = PBXGroup;
			children = (
				EA0AB8252CB29FA900C667DF /* Extension */,
				EAB59EB32CB14757000AF7FA /* NetworkManager */,
				EAB59EB22CB14733000AF7FA /* Helpers */,
			);
			path = Utilities;
			sourceTree = "<group>";
		};
		EAB59EB22CB14733000AF7FA /* Helpers */ = {
			isa = PBXGroup;
			children = (
				EA19C7732CAEE4DB0014542F /* validator.swift */,
				EA44F6F92CB17894005BEDE1 /* Alerts.swift */,
				EA0AB8282CB2ECB200C667DF /* appStorage.swift */,
			);
			path = Helpers;
			sourceTree = "<group>";
		};
		EAB59EB32CB14757000AF7FA /* NetworkManager */ = {
			isa = PBXGroup;
			children = (
				EAB59EA62CB11377000AF7FA /* networkURLs.swift */,
				EA44F6FE2CB18090005BEDE1 /* networkManager.swift */,
				EA958DA82CB1A5780097EEC6 /* networkError.swift */,
			);
			path = NetworkManager;
			sourceTree = "<group>";
		};
/* End PBXGroup section */

/* Begin PBXNativeTarget section */
		EA1A947A2CA9977E00A634C6 /* Salaam */ = {
			isa = PBXNativeTarget;
			buildConfigurationList = EA1A94892CA9977F00A634C6 /* Build configuration list for PBXNativeTarget "Salaam" */;
			buildPhases = (
				EA1A94772CA9977E00A634C6 /* Sources */,
				EA1A94782CA9977E00A634C6 /* Frameworks */,
				EA1A94792CA9977E00A634C6 /* Resources */,
			);
			buildRules = (
			);
			dependencies = (
			);
			name = Salaam;
			productName = Salaam;
			productReference = EA1A947B2CA9977E00A634C6 /* Salaam.app */;
			productType = "com.apple.product-type.application";
		};
/* End PBXNativeTarget section */

/* Begin PBXProject section */
		EA1A94732CA9977E00A634C6 /* Project object */ = {
			isa = PBXProject;
			attributes = {
				BuildIndependentTargetsInParallel = 1;
				LastSwiftUpdateCheck = 1540;
				LastUpgradeCheck = 1540;
				TargetAttributes = {
					EA1A947A2CA9977E00A634C6 = {
						CreatedOnToolsVersion = 15.4;
					};
				};
			};
			buildConfigurationList = EA1A94762CA9977E00A634C6 /* Build configuration list for PBXProject "Salaam" */;
			compatibilityVersion = "Xcode 14.0";
			developmentRegion = en;
			hasScannedForEncodings = 0;
			knownRegions = (
				en,
				Base,
			);
			mainGroup = EA1A94722CA9977E00A634C6;
			productRefGroup = EA1A947C2CA9977E00A634C6 /* Products */;
			projectDirPath = "";
			projectRoot = "";
			targets = (
				EA1A947A2CA9977E00A634C6 /* Salaam */,
			);
		};
/* End PBXProject section */

/* Begin PBXResourcesBuildPhase section */
		EA1A94792CA9977E00A634C6 /* Resources */ = {
			isa = PBXResourcesBuildPhase;
			buildActionMask = 2147483647;
			files = (
				EA1A94862CA9977F00A634C6 /* Preview Assets.xcassets in Resources */,
				EA1A94832CA9977F00A634C6 /* Assets.xcassets in Resources */,
			);
			runOnlyForDeploymentPostprocessing = 0;
		};
/* End PBXResourcesBuildPhase section */

/* Begin PBXSourcesBuildPhase section */
		EA1A94772CA9977E00A634C6 /* Sources */ = {
			isa = PBXSourcesBuildPhase;
			buildActionMask = 2147483647;
			files = (
				EAB59EA92CB14420000AF7FA /* loginVM.swift in Sources */,
				EA19C7722CAEDD810014542F /* registerView.swift in Sources */,
				EA1A948F2CA9BDB700A634C6 /* welcomeView.swift in Sources */,
				EA19C7702CAEDCF70014542F /* loginView.swift in Sources */,
				EA44F6F82CB168DD005BEDE1 /* loginModel.swift in Sources */,
				EA44F6F42CB14AC5005BEDE1 /* emailTextFieldView.swift in Sources */,
				EA44F6FF2CB18090005BEDE1 /* networkManager.swift in Sources */,
				EAB59EA72CB11377000AF7FA /* networkURLs.swift in Sources */,
				EA19C7742CAEE4DB0014542F /* validator.swift in Sources */,
				EA958DA92CB1A5780097EEC6 /* networkError.swift in Sources */,
				EAD4D8E22CB066C20055EF01 /* socialView.swift in Sources */,
				EA1A947F2CA9977E00A634C6 /* SalaamApp.swift in Sources */,
				EA44F6FA2CB17895005BEDE1 /* Alerts.swift in Sources */,
				EA44F6FD2CB17B84005BEDE1 /* button.swift in Sources */,
				EA0AB8272CB29FD000C667DF /* View.swift in Sources */,
				EA0AB81F2CB292C100C667DF /* loader.swift in Sources */,
				EA44F6F62CB14C76005BEDE1 /* passwordTextFieldView.swift in Sources */,
				EA0AB8242CB29C5F00C667DF /* homeView.swift in Sources */,
				EA0AB8292CB2ECB200C667DF /* appStorage.swift in Sources */,
			);
			runOnlyForDeploymentPostprocessing = 0;
		};
/* End PBXSourcesBuildPhase section */

/* Begin XCBuildConfiguration section */
		EA1A94872CA9977F00A634C6 /* Debug */ = {
			isa = XCBuildConfiguration;
			buildSettings = {
				ALWAYS_SEARCH_USER_PATHS = NO;
				ASSETCATALOG_COMPILER_GENERATE_SWIFT_ASSET_SYMBOL_EXTENSIONS = YES;
				CLANG_ANALYZER_NONNULL = YES;
				CLANG_ANALYZER_NUMBER_OBJECT_CONVERSION = YES_AGGRESSIVE;
				CLANG_CXX_LANGUAGE_STANDARD = "gnu++20";
				CLANG_ENABLE_MODULES = YES;
				CLANG_ENABLE_OBJC_ARC = YES;
				CLANG_ENABLE_OBJC_WEAK = YES;
				CLANG_WARN_BLOCK_CAPTURE_AUTORELEASING = YES;
				CLANG_WARN_BOOL_CONVERSION = YES;
				CLANG_WARN_COMMA = YES;
				CLANG_WARN_CONSTANT_CONVERSION = YES;
				CLANG_WARN_DEPRECATED_OBJC_IMPLEMENTATIONS = YES;
				CLANG_WARN_DIRECT_OBJC_ISA_USAGE = YES_ERROR;
				CLANG_WARN_DOCUMENTATION_COMMENTS = YES;
				CLANG_WARN_EMPTY_BODY = YES;
				CLANG_WARN_ENUM_CONVERSION = YES;
				CLANG_WARN_INFINITE_RECURSION = YES;
				CLANG_WARN_INT_CONVERSION = YES;
				CLANG_WARN_NON_LITERAL_NULL_CONVERSION = YES;
				CLANG_WARN_OBJC_IMPLICIT_RETAIN_SELF = YES;
				CLANG_WARN_OBJC_LITERAL_CONVERSION = YES;
				CLANG_WARN_OBJC_ROOT_CLASS = YES_ERROR;
				CLANG_WARN_QUOTED_INCLUDE_IN_FRAMEWORK_HEADER = YES;
				CLANG_WARN_RANGE_LOOP_ANALYSIS = YES;
				CLANG_WARN_STRICT_PROTOTYPES = YES;
				CLANG_WARN_SUSPICIOUS_MOVE = YES;
				CLANG_WARN_UNGUARDED_AVAILABILITY = YES_AGGRESSIVE;
				CLANG_WARN_UNREACHABLE_CODE = YES;
				CLANG_WARN__DUPLICATE_METHOD_MATCH = YES;
				COPY_PHASE_STRIP = NO;
				DEBUG_INFORMATION_FORMAT = dwarf;
				ENABLE_STRICT_OBJC_MSGSEND = YES;
				ENABLE_TESTABILITY = YES;
				ENABLE_USER_SCRIPT_SANDBOXING = YES;
				GCC_C_LANGUAGE_STANDARD = gnu17;
				GCC_DYNAMIC_NO_PIC = NO;
				GCC_NO_COMMON_BLOCKS = YES;
				GCC_OPTIMIZATION_LEVEL = 0;
				GCC_PREPROCESSOR_DEFINITIONS = (
					"DEBUG=1",
					"$(inherited)",
				);
				GCC_WARN_64_TO_32_BIT_CONVERSION = YES;
				GCC_WARN_ABOUT_RETURN_TYPE = YES_ERROR;
				GCC_WARN_UNDECLARED_SELECTOR = YES;
				GCC_WARN_UNINITIALIZED_AUTOS = YES_AGGRESSIVE;
				GCC_WARN_UNUSED_FUNCTION = YES;
				GCC_WARN_UNUSED_VARIABLE = YES;
				IPHONEOS_DEPLOYMENT_TARGET = 17.5;
				LOCALIZATION_PREFERS_STRING_CATALOGS = YES;
				MTL_ENABLE_DEBUG_INFO = INCLUDE_SOURCE;
				MTL_FAST_MATH = YES;
				ONLY_ACTIVE_ARCH = YES;
				SDKROOT = iphoneos;
				SWIFT_ACTIVE_COMPILATION_CONDITIONS = "DEBUG $(inherited)";
				SWIFT_OPTIMIZATION_LEVEL = "-Onone";
			};
			name = Debug;
		};
		EA1A94882CA9977F00A634C6 /* Release */ = {
			isa = XCBuildConfiguration;
			buildSettings = {
				ALWAYS_SEARCH_USER_PATHS = NO;
				ASSETCATALOG_COMPILER_GENERATE_SWIFT_ASSET_SYMBOL_EXTENSIONS = YES;
				CLANG_ANALYZER_NONNULL = YES;
				CLANG_ANALYZER_NUMBER_OBJECT_CONVERSION = YES_AGGRESSIVE;
				CLANG_CXX_LANGUAGE_STANDARD = "gnu++20";
				CLANG_ENABLE_MODULES = YES;
				CLANG_ENABLE_OBJC_ARC = YES;
				CLANG_ENABLE_OBJC_WEAK = YES;
				CLANG_WARN_BLOCK_CAPTURE_AUTORELEASING = YES;
				CLANG_WARN_BOOL_CONVERSION = YES;
				CLANG_WARN_COMMA = YES;
				CLANG_WARN_CONSTANT_CONVERSION = YES;
				CLANG_WARN_DEPRECATED_OBJC_IMPLEMENTATIONS = YES;
				CLANG_WARN_DIRECT_OBJC_ISA_USAGE = YES_ERROR;
				CLANG_WARN_DOCUMENTATION_COMMENTS = YES;
				CLANG_WARN_EMPTY_BODY = YES;
				CLANG_WARN_ENUM_CONVERSION = YES;
				CLANG_WARN_INFINITE_RECURSION = YES;
				CLANG_WARN_INT_CONVERSION = YES;
				CLANG_WARN_NON_LITERAL_NULL_CONVERSION = YES;
				CLANG_WARN_OBJC_IMPLICIT_RETAIN_SELF = YES;
				CLANG_WARN_OBJC_LITERAL_CONVERSION = YES;
				CLANG_WARN_OBJC_ROOT_CLASS = YES_ERROR;
				CLANG_WARN_QUOTED_INCLUDE_IN_FRAMEWORK_HEADER = YES;
				CLANG_WARN_RANGE_LOOP_ANALYSIS = YES;
				CLANG_WARN_STRICT_PROTOTYPES = YES;
				CLANG_WARN_SUSPICIOUS_MOVE = YES;
				CLANG_WARN_UNGUARDED_AVAILABILITY = YES_AGGRESSIVE;
				CLANG_WARN_UNREACHABLE_CODE = YES;
				CLANG_WARN__DUPLICATE_METHOD_MATCH = YES;
				COPY_PHASE_STRIP = NO;
				DEBUG_INFORMATION_FORMAT = "dwarf-with-dsym";
				ENABLE_NS_ASSERTIONS = NO;
				ENABLE_STRICT_OBJC_MSGSEND = YES;
				ENABLE_USER_SCRIPT_SANDBOXING = YES;
				GCC_C_LANGUAGE_STANDARD = gnu17;
				GCC_NO_COMMON_BLOCKS = YES;
				GCC_WARN_64_TO_32_BIT_CONVERSION = YES;
				GCC_WARN_ABOUT_RETURN_TYPE = YES_ERROR;
				GCC_WARN_UNDECLARED_SELECTOR = YES;
				GCC_WARN_UNINITIALIZED_AUTOS = YES_AGGRESSIVE;
				GCC_WARN_UNUSED_FUNCTION = YES;
				GCC_WARN_UNUSED_VARIABLE = YES;
				IPHONEOS_DEPLOYMENT_TARGET = 17.5;
				LOCALIZATION_PREFERS_STRING_CATALOGS = YES;
				MTL_ENABLE_DEBUG_INFO = NO;
				MTL_FAST_MATH = YES;
				SDKROOT = iphoneos;
				SWIFT_COMPILATION_MODE = wholemodule;
				VALIDATE_PRODUCT = YES;
			};
			name = Release;
		};
		EA1A948A2CA9977F00A634C6 /* Debug */ = {
			isa = XCBuildConfiguration;
			buildSettings = {
				ASSETCATALOG_COMPILER_APPICON_NAME = AppIcon;
				ASSETCATALOG_COMPILER_GLOBAL_ACCENT_COLOR_NAME = AccentColor;
				CODE_SIGN_STYLE = Automatic;
				CURRENT_PROJECT_VERSION = 1;
				DEVELOPMENT_ASSET_PATHS = "\"Salaam/Preview Content\"";
				ENABLE_PREVIEWS = YES;
				GENERATE_INFOPLIST_FILE = YES;
				INFOPLIST_KEY_UIApplicationSceneManifest_Generation = YES;
				INFOPLIST_KEY_UIApplicationSupportsIndirectInputEvents = YES;
				INFOPLIST_KEY_UILaunchScreen_Generation = YES;
				INFOPLIST_KEY_UISupportedInterfaceOrientations_iPad = "UIInterfaceOrientationPortrait UIInterfaceOrientationPortraitUpsideDown UIInterfaceOrientationLandscapeLeft UIInterfaceOrientationLandscapeRight";
				INFOPLIST_KEY_UISupportedInterfaceOrientations_iPhone = "UIInterfaceOrientationPortrait UIInterfaceOrientationLandscapeLeft UIInterfaceOrientationLandscapeRight";
				LD_RUNPATH_SEARCH_PATHS = (
					"$(inherited)",
					"@executable_path/Frameworks",
				);
				MARKETING_VERSION = 1.0;
				PRODUCT_BUNDLE_IDENTIFIER = com.salaam.com.Salaam;
				PRODUCT_NAME = "$(TARGET_NAME)";
				SWIFT_EMIT_LOC_STRINGS = YES;
				SWIFT_VERSION = 5.0;
				TARGETED_DEVICE_FAMILY = "1,2";
			};
			name = Debug;
		};
		EA1A948B2CA9977F00A634C6 /* Release */ = {
			isa = XCBuildConfiguration;
			buildSettings = {
				ASSETCATALOG_COMPILER_APPICON_NAME = AppIcon;
				ASSETCATALOG_COMPILER_GLOBAL_ACCENT_COLOR_NAME = AccentColor;
				CODE_SIGN_STYLE = Automatic;
				CURRENT_PROJECT_VERSION = 1;
				DEVELOPMENT_ASSET_PATHS = "\"Salaam/Preview Content\"";
				ENABLE_PREVIEWS = YES;
				GENERATE_INFOPLIST_FILE = YES;
				INFOPLIST_KEY_UIApplicationSceneManifest_Generation = YES;
				INFOPLIST_KEY_UIApplicationSupportsIndirectInputEvents = YES;
				INFOPLIST_KEY_UILaunchScreen_Generation = YES;
				INFOPLIST_KEY_UISupportedInterfaceOrientations_iPad = "UIInterfaceOrientationPortrait UIInterfaceOrientationPortraitUpsideDown UIInterfaceOrientationLandscapeLeft UIInterfaceOrientationLandscapeRight";
				INFOPLIST_KEY_UISupportedInterfaceOrientations_iPhone = "UIInterfaceOrientationPortrait UIInterfaceOrientationLandscapeLeft UIInterfaceOrientationLandscapeRight";
				LD_RUNPATH_SEARCH_PATHS = (
					"$(inherited)",
					"@executable_path/Frameworks",
				);
				MARKETING_VERSION = 1.0;
				PRODUCT_BUNDLE_IDENTIFIER = com.salaam.com.Salaam;
				PRODUCT_NAME = "$(TARGET_NAME)";
				SWIFT_EMIT_LOC_STRINGS = YES;
				SWIFT_VERSION = 5.0;
				TARGETED_DEVICE_FAMILY = "1,2";
			};
			name = Release;
		};
/* End XCBuildConfiguration section */

/* Begin XCConfigurationList section */
		EA1A94762CA9977E00A634C6 /* Build configuration list for PBXProject "Salaam" */ = {
			isa = XCConfigurationList;
			buildConfigurations = (
				EA1A94872CA9977F00A634C6 /* Debug */,
				EA1A94882CA9977F00A634C6 /* Release */,
			);
			defaultConfigurationIsVisible = 0;
			defaultConfigurationName = Release;
		};
		EA1A94892CA9977F00A634C6 /* Build configuration list for PBXNativeTarget "Salaam" */ = {
			isa = XCConfigurationList;
			buildConfigurations = (
				EA1A948A2CA9977F00A634C6 /* Debug */,
				EA1A948B2CA9977F00A634C6 /* Release */,
			);
			defaultConfigurationIsVisible = 0;
			defaultConfigurationName = Release;
		};
/* End XCConfigurationList section */
	};
	rootObject = EA1A94732CA9977E00A634C6 /* Project object */;
}
